
Microsoft Visual Studio Solution File, Format Version 12.00
# Visual Studio Version 16
VisualStudioVersion = 16.0.32126.315
MinimumVisualStudioVersion = 10.0.40219.1
Project("{FAE04EC0-301F-11D3-BF4B-00C04F79EFBC}") = "TaskSchedulerDotNetFramework", "TaskSchedulerDotNetFramework.csproj", "{A04CAA8F-96CB-4A6D-8C91-E0B24DF5AD01}"
EndProject
Global
	GlobalSection(SolutionConfigurationPlatforms) = preSolution
		Debug|Any CPU = Debug|Any CPU
		Release|Any CPU = Release|Any CPU
	EndGlobalSection
	GlobalSection(ProjectConfigurationPlatforms) = postSolution
		{A04CAA8F-96CB-4A6D-8C91-E0B24DF5AD01}.Debug|Any CPU.ActiveCfg = Debug|Any CPU
		{A04CAA8F-96CB-4A6D-8C91-E0B24DF5AD01}.Debug|Any CPU.Build.0 = Debug|Any CPU
		{A04CAA8F-96CB-4A6D-8C91-E0B24DF5AD01}.Release|Any CPU.ActiveCfg = Release|Any CPU
		{A04CAA8F-96CB-4A6D-8C91-E0B24DF5AD01}.Release|Any CPU.Build.0 = Release|Any CPU
	EndGlobalSection
	GlobalSection(SolutionProperties) = preSolution
		HideSolutionNode = FALSE
	EndGlobalSection
	GlobalSection(ExtensibilityGlobals) = postSolution
		SolutionGuid = {5AF564B7-9DC0-4266-BC0D-C1E0C31C7714}
	EndGlobalSection
EndGlobal
